
Microsoft Visual Studio Solution File, Format Version 12.00
# Visual Studio 2012
Project("{FAE04EC0-301F-11D3-BF4B-00C04F79EFBC}") = "EFCAO", "EFCAO\EFCAO.csproj", "{FDB438DB-C641-4838-A2E2-C7D4CA15FAEC}"
EndProject
Global
	GlobalSection(SolutionConfigurationPlatforms) = preSolution
		Debug|Any CPU = Debug|Any CPU
		Release|Any CPU = Release|Any CPU
	EndGlobalSection
	GlobalSection(ProjectConfigurationPlatforms) = postSolution
		{FDB438DB-C641-4838-A2E2-C7D4CA15FAEC}.Debug|Any CPU.ActiveCfg = Debug|Any CPU
		{FDB438DB-C641-4838-A2E2-C7D4CA15FAEC}.Debug|Any CPU.Build.0 = Debug|Any CPU
		{FDB438DB-C641-4838-A2E2-C7D4CA15FAEC}.Release|Any CPU.ActiveCfg = Release|Any CPU
		{FDB438DB-C641-4838-A2E2-C7D4CA15FAEC}.Release|Any CPU.Build.0 = Release|Any CPU
	EndGlobalSection
	GlobalSection(SolutionProperties) = preSolution
		HideSolutionNode = FALSE
	EndGlobalSection
EndGlobal
